<?xml version="1.0" encoding="utf-8"?>
<Project ToolsVersion="4.0" xmlns="http://schemas.microsoft.com/developer/msbuild/2003">
  <ItemGroup>
    <Filter Include="源文件">
      <UniqueIdentifier>{4FC737F1-C7A5-4376-A066-2A32D752A2FF}</UniqueIdentifier>
      <Extensions>cpp;c;cc;cxx;def;odl;idl;hpj;bat;asm;asmx</Extensions>
    </Filter>
    <Filter Include="头文件">
      <UniqueIdentifier>{93995380-89BD-4b04-88EB-625FBE52EBFB}</UniqueIdentifier>
      <Extensions>h;hpp;hxx;hm;inl;inc;xsd</Extensions>
    </Filter>
    <Filter Include="资源文件">
      <UniqueIdentifier>{67DA6AB6-F800-4c08-8B7A-83BB121AAD01}</UniqueIdentifier>
      <Extensions>rc;ico;cur;bmp;dlg;rc2;rct;bin;rgs;gif;jpg;jpeg;jpe;resx;tiff;tif;png;wav;mfcribbon-ms</Extensions>
    </Filter>
    <Filter Include="头文件\json">
      <UniqueIdentifier>{ad2803ff-b7fc-4160-b7d2-a5ffe56c55fa}</UniqueIdentifier>
    </Filter>
    <Filter Include="源文件\json">
      <UniqueIdentifier>{27bc2c42-d66d-4d75-80eb-07e3723d927d}</UniqueIdentifier>
    </Filter>
    <Filter Include="头文件\crypt">
      <UniqueIdentifier>{6bca012e-edd5-4622-9741-297c89f37e5f}</UniqueIdentifier>
    </Filter>
    <Filter Include="源文件\crypt">
      <UniqueIdentifier>{3d2cc108-3165-49f3-902f-cb66283f0028}</UniqueIdentifier>
    </Filter>
  </ItemGroup>
  <ItemGroup>
    <ClCompile Include="main.cpp">
      <Filter>源文件</Filter>
    </ClCompile>
    <ClCompile Include="Public.cpp">
      <Filter>源文件</Filter>
    </ClCompile>
    <ClCompile Include="LoginWindow.cpp">
      <Filter>源文件</Filter>
    </ClCompile>
    <ClCompile Include="UploadFile.cpp">
      <Filter>源文件</Filter>
    </ClCompile>
    <ClCompile Include="DownloadFile.cpp">
      <Filter>源文件</Filter>
    </ClCompile>
    <ClCompile Include="CommandListener.cpp">
      <Filter>源文件</Filter>
    </ClCompile>
    <ClCompile Include="DataListener.cpp">
      <Filter>源文件</Filter>
    </ClCompile>
    <ClCompile Include="RemoteControlListener.cpp">
      <Filter>源文件</Filter>
    </ClCompile>
    <ClCompile Include="Commander.cpp">
      <Filter>源文件</Filter>
    </ClCompile>
    <ClCompile Include="CommandRecver.cpp">
      <Filter>源文件</Filter>
    </ClCompile>
    <ClCompile Include="DataRecver.cpp">
      <Filter>源文件</Filter>
    </ClCompile>
    <ClCompile Include="DownloadTrojanListener.cpp">
      <Filter>源文件</Filter>
    </ClCompile>
    <ClCompile Include="DownloadProgramListener.cpp">
      <Filter>源文件</Filter>
    </ClCompile>
    <ClCompile Include="RemoteControlRecver.cpp">
      <Filter>源文件</Filter>
    </ClCompile>
    <ClCompile Include="DownloadTrojanRecver.cpp">
      <Filter>源文件</Filter>
    </ClCompile>
    <ClCompile Include="OnlineManager.cpp">
      <Filter>源文件</Filter>
    </ClCompile>
    <ClCompile Include="PublicFunc.cpp">
      <Filter>源文件</Filter>
    </ClCompile>
    <ClCompile Include="ScreenFrameChecker.cpp">
      <Filter>源文件</Filter>
    </ClCompile>
    <ClCompile Include="DownloadProgramRecver.cpp">
      <Filter>源文件</Filter>
    </ClCompile>
    <ClCompile Include="UpDownResult.cpp">
      <Filter>源文件</Filter>
    </ClCompile>
    <ClCompile Include="mysqlOper.cpp">
      <Filter>源文件</Filter>
    </ClCompile>
    <ClCompile Include="JsonParser.cpp">
      <Filter>源文件</Filter>
    </ClCompile>
    <ClCompile Include="JsonSplit.cpp">
      <Filter>源文件</Filter>
    </ClCompile>
    <ClCompile Include="FileHelper.cpp">
      <Filter>源文件</Filter>
    </ClCompile>
    <ClCompile Include="FileReadLine.cpp">
      <Filter>源文件</Filter>
    </ClCompile>
    <ClCompile Include="Network.cpp">
      <Filter>源文件</Filter>
    </ClCompile>
    <ClCompile Include="test.cpp">
      <Filter>源文件</Filter>
    </ClCompile>
    <ClCompile Include="json\json_reader.cpp">
      <Filter>源文件\json</Filter>
    </ClCompile>
    <ClCompile Include="json\json_value.cpp">
      <Filter>源文件\json</Filter>
    </ClCompile>
    <ClCompile Include="json\json_writer.cpp">
      <Filter>源文件\json</Filter>
    </ClCompile>
    <ClCompile Include="crypt\cryption.cpp">
      <Filter>源文件\crypt</Filter>
    </ClCompile>
    <ClCompile Include="recommit.cpp">
      <Filter>源文件</Filter>
    </ClCompile>
  </ItemGroup>
  <ItemGroup>
    <ClInclude Include="main.h">
      <Filter>头文件</Filter>
    </ClInclude>
    <ClInclude Include="Public.h">
      <Filter>头文件</Filter>
    </ClInclude>
    <ClInclude Include="LoginWindow.h">
      <Filter>头文件</Filter>
    </ClInclude>
    <ClInclude Include="UploadFile.h">
      <Filter>头文件</Filter>
    </ClInclude>
    <ClInclude Include="DownloadFile.h">
      <Filter>头文件</Filter>
    </ClInclude>
    <ClInclude Include="DataListener.h">
      <Filter>头文件</Filter>
    </ClInclude>
    <ClInclude Include="CommandListener.h">
      <Filter>头文件</Filter>
    </ClInclude>
    <ClInclude Include="RemoteControlListener.h">
      <Filter>头文件</Filter>
    </ClInclude>
    <ClInclude Include="Commander.h">
      <Filter>头文件</Filter>
    </ClInclude>
    <ClInclude Include="CommandRecver.h">
      <Filter>头文件</Filter>
    </ClInclude>
    <ClInclude Include="DataRecverer.h">
      <Filter>头文件</Filter>
    </ClInclude>
    <ClInclude Include="DownloadTrojanListener.h">
      <Filter>头文件</Filter>
    </ClInclude>
    <ClInclude Include="DownloadProgramListener.h">
      <Filter>头文件</Filter>
    </ClInclude>
    <ClInclude Include="RemoteControlRecver.h">
      <Filter>头文件</Filter>
    </ClInclude>
    <ClInclude Include="DownloadTrojanRecver.h">
      <Filter>头文件</Filter>
    </ClInclude>
    <ClInclude Include="OnlineManager.h">
      <Filter>头文件</Filter>
    </ClInclude>
    <ClInclude Include="PublicFunc.h">
      <Filter>头文件</Filter>
    </ClInclude>
    <ClInclude Include="DownloadProgramRecver.h">
      <Filter>头文件</Filter>
    </ClInclude>
    <ClInclude Include="UpDownResult.h">
      <Filter>头文件</Filter>
    </ClInclude>
    <ClInclude Include="mysqlOper.h">
      <Filter>头文件</Filter>
    </ClInclude>
    <ClInclude Include="jsonParser.h">
      <Filter>头文件</Filter>
    </ClInclude>
    <ClInclude Include="JsonSplit.h">
      <Filter>头文件</Filter>
    </ClInclude>
    <ClInclude Include="FileHelper.h">
      <Filter>头文件</Filter>
    </ClInclude>
    <ClInclude Include="FileReadLine.h">
      <Filter>头文件</Filter>
    </ClInclude>
    <ClInclude Include="Network.h">
      <Filter>头文件</Filter>
    </ClInclude>
    <ClInclude Include="test.h">
      <Filter>头文件</Filter>
    </ClInclude>
    <ClInclude Include="json\autolink.h">
      <Filter>头文件\json</Filter>
    </ClInclude>
    <ClInclude Include="json\config.h">
      <Filter>头文件\json</Filter>
    </ClInclude>
    <ClInclude Include="json\features.h">
      <Filter>头文件\json</Filter>
    </ClInclude>
    <ClInclude Include="json\forwards.h">
      <Filter>头文件\json</Filter>
    </ClInclude>
    <ClInclude Include="json\json.h">
      <Filter>头文件\json</Filter>
    </ClInclude>
    <ClInclude Include="json\json_batchallocator.h">
      <Filter>头文件\json</Filter>
    </ClInclude>
    <ClInclude Include="json\reader.h">
      <Filter>头文件\json</Filter>
    </ClInclude>
    <ClInclude Include="json\value.h">
      <Filter>头文件\json</Filter>
    </ClInclude>
    <ClInclude Include="json\writer.h">
      <Filter>头文件\json</Filter>
    </ClInclude>
    <ClInclude Include="crypt\cryption.h">
      <Filter>头文件\crypt</Filter>
    </ClInclude>
    <ClInclude Include="recommit.h">
      <Filter>头文件</Filter>
    </ClInclude>
  </ItemGroup>
  <ItemGroup>
    <ResourceCompile Include="LittleBearMainServer.rc">
      <Filter>资源文件</Filter>
    </ResourceCompile>
  </ItemGroup>
  <ItemGroup>
    <None Include="window.ico">
      <Filter>资源文件</Filter>
    </None>
  </ItemGroup>
</Project>