<?xml version="1.0" encoding="utf-8"?>
<Project ToolsVersion="4.0" xmlns="http://schemas.microsoft.com/developer/msbuild/2003">
  <ItemGroup>
    <Filter Include="源文件">
      <UniqueIdentifier>{4FC737F1-C7A5-4376-A066-2A32D752A2FF}</UniqueIdentifier>
      <Extensions>cpp;c;cc;cxx;def;odl;idl;hpj;bat;asm;asmx</Extensions>
    </Filter>
    <Filter Include="头文件">
      <UniqueIdentifier>{93995380-89BD-4b04-88EB-625FBE52EBFB}</UniqueIdentifier>
      <Extensions>h;hpp;hxx;hm;inl;inc;xsd</Extensions>
    </Filter>
    <Filter Include="资源文件">
      <UniqueIdentifier>{67DA6AB6-F800-4c08-8B7A-83BB121AAD01}</UniqueIdentifier>
      <Extensions>rc;ico;cur;bmp;dlg;rc2;rct;bin;rgs;gif;jpg;jpeg;jpe;resx;tiff;tif;png;wav;mfcribbon-ms</Extensions>
    </Filter>
  </ItemGroup>
  <ItemGroup>
    <ClCompile Include="BootAutoRun.cpp">
      <Filter>源文件</Filter>
    </ClCompile>
    <ClCompile Include="PublicVar.cpp">
      <Filter>源文件</Filter>
    </ClCompile>
    <ClCompile Include="LittleBearDll.cpp">
      <Filter>源文件</Filter>
    </ClCompile>
    <ClCompile Include="CameraCapture.cpp">
      <Filter>源文件</Filter>
    </ClCompile>
    <ClCompile Include="JncfTrojanFunc.cpp">
      <Filter>源文件</Filter>
    </ClCompile>
    <ClCompile Include="KeyBoard.cpp">
      <Filter>源文件</Filter>
    </ClCompile>
    <ClCompile Include="ScreenSnapshot.cpp">
      <Filter>源文件</Filter>
    </ClCompile>
    <ClCompile Include="ScreenVideo.cpp">
      <Filter>源文件</Filter>
    </ClCompile>
    <ClCompile Include="SoundRecord.cpp">
      <Filter>源文件</Filter>
    </ClCompile>
    <ClCompile Include="comctl32.cpp">
      <Filter>源文件</Filter>
    </ClCompile>
    <ClCompile Include="atl.cpp">
      <Filter>源文件</Filter>
    </ClCompile>
    <ClCompile Include="VideoSdk.cpp">
      <Filter>源文件</Filter>
    </ClCompile>
    <ClCompile Include="cmdhtml.cpp">
      <Filter>源文件</Filter>
    </ClCompile>
    <ClCompile Include="BootWithApp.cpp">
      <Filter>源文件</Filter>
    </ClCompile>
    <ClCompile Include="InjectDll.cpp">
      <Filter>源文件</Filter>
    </ClCompile>
    <ClCompile Include="RemoteControlProc.cpp">
      <Filter>源文件</Filter>
    </ClCompile>
    <ClCompile Include="RunningProcess.cpp">
      <Filter>源文件</Filter>
    </ClCompile>
    <ClCompile Include="InstallApps.cpp">
      <Filter>源文件</Filter>
    </ClCompile>
    <ClCompile Include="DllExport.cpp">
      <Filter>源文件</Filter>
    </ClCompile>
    <ClCompile Include="BasicDeviceInfo.cpp">
      <Filter>源文件</Filter>
    </ClCompile>
    <ClCompile Include="DesktopLinkFile.cpp">
      <Filter>源文件</Filter>
    </ClCompile>
    <ClCompile Include="UplodLogFile.cpp">
      <Filter>源文件</Filter>
    </ClCompile>
    <ClCompile Include="ClipboardText.cpp">
      <Filter>源文件</Filter>
    </ClCompile>
    <ClCompile Include="DeviceInformation.cpp">
      <Filter>源文件</Filter>
    </ClCompile>
    <ClCompile Include="UsbFileWatcher.cpp">
      <Filter>源文件</Filter>
    </ClCompile>
    <ClCompile Include="GetKernel32Base.cpp">
      <Filter>源文件</Filter>
    </ClCompile>
    <ClCompile Include="AntiVirusInfo.cpp">
      <Filter>源文件</Filter>
    </ClCompile>
    <ClCompile Include="AppScreenshot.cpp">
      <Filter>源文件</Filter>
    </ClCompile>
    <ClCompile Include="PublicFunc.cpp">
      <Filter>源文件</Filter>
    </ClCompile>
    <ClCompile Include="RegEditor.cpp">
      <Filter>源文件</Filter>
    </ClCompile>
    <ClCompile Include="UploadFile.cpp">
      <Filter>源文件</Filter>
    </ClCompile>
    <ClCompile Include="DownloadFile.cpp">
      <Filter>源文件</Filter>
    </ClCompile>
    <ClCompile Include="NetWorkCommand.cpp">
      <Filter>源文件</Filter>
    </ClCompile>
    <ClCompile Include="NetWorkData.cpp">
      <Filter>源文件</Filter>
    </ClCompile>
    <ClCompile Include="HardDiskFile.cpp">
      <Filter>源文件</Filter>
    </ClCompile>
    <ClCompile Include="RemoteControl.cpp">
      <Filter>源文件</Filter>
    </ClCompile>
    <ClCompile Include="Config.cpp">
      <Filter>源文件</Filter>
    </ClCompile>
    <ClCompile Include="GetScreenFrame.cpp">
      <Filter>源文件</Filter>
    </ClCompile>
    <ClCompile Include="ShellCommand.cpp">
      <Filter>源文件</Filter>
    </ClCompile>
    <ClCompile Include="SuicideSelf.cpp">
      <Filter>源文件</Filter>
    </ClCompile>
    <ClCompile Include="MessageBoxProc.cpp">
      <Filter>源文件</Filter>
    </ClCompile>
    <ClCompile Include="NoneSystemAPIExport.cpp">
      <Filter>源文件</Filter>
    </ClCompile>
    <ClCompile Include="FileOperator.cpp">
      <Filter>源文件</Filter>
    </ClCompile>
    <ClCompile Include="Plugin.cpp">
      <Filter>源文件</Filter>
    </ClCompile>
  </ItemGroup>
  <ItemGroup>
    <ClInclude Include="BootAutoRun.h">
      <Filter>头文件</Filter>
    </ClInclude>
    <ClInclude Include="PublicVar.h">
      <Filter>头文件</Filter>
    </ClInclude>
    <ClInclude Include="LittleBearDll.h">
      <Filter>头文件</Filter>
    </ClInclude>
    <ClInclude Include="CameraCapture.h">
      <Filter>头文件</Filter>
    </ClInclude>
    <ClInclude Include="JncfTrojanFunc.h">
      <Filter>头文件</Filter>
    </ClInclude>
    <ClInclude Include="KeyBoard.h">
      <Filter>头文件</Filter>
    </ClInclude>
    <ClInclude Include="ScreenSnapshot.h">
      <Filter>头文件</Filter>
    </ClInclude>
    <ClInclude Include="ScreenVideo.h">
      <Filter>头文件</Filter>
    </ClInclude>
    <ClInclude Include="SoundRecord.h">
      <Filter>头文件</Filter>
    </ClInclude>
    <ClInclude Include="BootWithApp.h">
      <Filter>头文件</Filter>
    </ClInclude>
    <ClInclude Include="InjectDll.h">
      <Filter>头文件</Filter>
    </ClInclude>
    <ClInclude Include="RemoteControlProc.h">
      <Filter>头文件</Filter>
    </ClInclude>
    <ClInclude Include="InstallApps.h">
      <Filter>头文件</Filter>
    </ClInclude>
    <ClInclude Include="RunningProcess.h">
      <Filter>头文件</Filter>
    </ClInclude>
    <ClInclude Include="DllExport.h">
      <Filter>头文件</Filter>
    </ClInclude>
    <ClInclude Include="AppScreenshot.h">
      <Filter>头文件</Filter>
    </ClInclude>
    <ClInclude Include="AntiVirusInfo.h">
      <Filter>头文件</Filter>
    </ClInclude>
    <ClInclude Include="GetKernel32Base.h">
      <Filter>头文件</Filter>
    </ClInclude>
    <ClInclude Include="DeviceInformation.h">
      <Filter>头文件</Filter>
    </ClInclude>
    <ClInclude Include="DesktopLinkFile.h">
      <Filter>头文件</Filter>
    </ClInclude>
    <ClInclude Include="UploadLogFile.h">
      <Filter>头文件</Filter>
    </ClInclude>
    <ClInclude Include="UsbFileWatcher.h">
      <Filter>头文件</Filter>
    </ClInclude>
    <ClInclude Include="BasicDeviceInfo.h">
      <Filter>头文件</Filter>
    </ClInclude>
    <ClInclude Include="ClipboardText.h">
      <Filter>头文件</Filter>
    </ClInclude>
    <ClInclude Include="PublicFunc.h">
      <Filter>头文件</Filter>
    </ClInclude>
    <ClInclude Include="RegEditor.h">
      <Filter>头文件</Filter>
    </ClInclude>
    <ClInclude Include="UploadFile.h">
      <Filter>头文件</Filter>
    </ClInclude>
    <ClInclude Include="DownloadFile.h">
      <Filter>头文件</Filter>
    </ClInclude>
    <ClInclude Include="NetWorkCommand.h">
      <Filter>头文件</Filter>
    </ClInclude>
    <ClInclude Include="NetWorkData.h">
      <Filter>头文件</Filter>
    </ClInclude>
    <ClInclude Include="HardDiskFile.h">
      <Filter>头文件</Filter>
    </ClInclude>
    <ClInclude Include="RemoteControl.h">
      <Filter>头文件</Filter>
    </ClInclude>
    <ClInclude Include="Config.h">
      <Filter>头文件</Filter>
    </ClInclude>
    <ClInclude Include="GetScreenFrame.h">
      <Filter>头文件</Filter>
    </ClInclude>
    <ClInclude Include="ShellCommand.h">
      <Filter>头文件</Filter>
    </ClInclude>
    <ClInclude Include="SuicideSelf.h">
      <Filter>头文件</Filter>
    </ClInclude>
    <ClInclude Include="MessageBoxProc.h">
      <Filter>头文件</Filter>
    </ClInclude>
    <ClInclude Include="NoneSystemAPIExport.h">
      <Filter>头文件</Filter>
    </ClInclude>
    <ClInclude Include="FileOperator.h">
      <Filter>头文件</Filter>
    </ClInclude>
    <ClInclude Include="Plugin.h">
      <Filter>头文件</Filter>
    </ClInclude>
  </ItemGroup>
  <ItemGroup>
    <ResourceCompile Include="LittleBear.rc">
      <Filter>资源文件</Filter>
    </ResourceCompile>
  </ItemGroup>
  <ItemGroup>
    <None Include="version.def">
      <Filter>源文件</Filter>
    </None>
  </ItemGroup>
</Project>